<Solution>
  <Folder Name="/src/">
    <Project Path="src/ReqMint.App/ReqMint.App.csproj" />
    <Project Path="src/ReqMint.Core/ReqMint.Core.csproj" />
    <Project Path="src/ReqMint.Http/ReqMint.Http.csproj" />
    <Project Path="src/ReqMint.Platform/ReqMint.Platform.csproj" />
    <Project Path="src/ReqMint.Storage/ReqMint.Storage.csproj" />
  </Folder>
  <Folder Name="/tests/">
    <Project Path="tests/ReqMint.App.Tests/ReqMint.App.Tests.csproj" />
    <Project Path="tests/ReqMint.Core.Tests/ReqMint.Core.Tests.csproj" />
    <Project Path="tests/ReqMint.Http.Tests/ReqMint.Http.Tests.csproj" />
    <Project Path="tests/ReqMint.Platform.Tests/ReqMint.Platform.Tests.csproj" />
    <Project Path="tests/ReqMint.Storage.Tests/ReqMint.Storage.Tests.csproj" />
  </Folder>
</Solution>
