
Microsoft Visual Studio Solution File, Format Version 12.00
# Visual Studio Version 17
VisualStudioVersion = 17.9.34728.123
MinimumVisualStudioVersion = 10.0.40219.1
Project("{FAE04EC0-301F-11D3-BF4B-00C04F79EFBC}") = "ReqMint.Legacy.WinForms", "ReqMint.Legacy.WinForms\ReqMint.Legacy.WinForms.csproj", "{0E318C9A-E74C-4425-86F5-B490DEE050E4}"
EndProject
Project("{FAE04EC0-301F-11D3-BF4B-00C04F79EFBC}") = "ReqMint.Legacy.Core", "ReqMint.Legacy.Core\ReqMint.Legacy.Core.csproj", "{E271D523-9B70-44FD-B038-2187BD91E30B}"
EndProject
Global
	GlobalSection(SolutionConfigurationPlatforms) = preSolution
		Debug|Any CPU = Debug|Any CPU
		Release|Any CPU = Release|Any CPU
	EndGlobalSection
	GlobalSection(ProjectConfigurationPlatforms) = postSolution
		{0E318C9A-E74C-4425-86F5-B490DEE050E4}.Debug|Any CPU.ActiveCfg = Debug|Any CPU
		{0E318C9A-E74C-4425-86F5-B490DEE050E4}.Debug|Any CPU.Build.0 = Debug|Any CPU
		{0E318C9A-E74C-4425-86F5-B490DEE050E4}.Release|Any CPU.ActiveCfg = Release|Any CPU
		{0E318C9A-E74C-4425-86F5-B490DEE050E4}.Release|Any CPU.Build.0 = Release|Any CPU
		{E271D523-9B70-44FD-B038-2187BD91E30B}.Debug|Any CPU.ActiveCfg = Debug|Any CPU
		{E271D523-9B70-44FD-B038-2187BD91E30B}.Debug|Any CPU.Build.0 = Debug|Any CPU
		{E271D523-9B70-44FD-B038-2187BD91E30B}.Release|Any CPU.ActiveCfg = Release|Any CPU
		{E271D523-9B70-44FD-B038-2187BD91E30B}.Release|Any CPU.Build.0 = Release|Any CPU
	EndGlobalSection
	GlobalSection(SolutionProperties) = preSolution
		HideSolutionNode = FALSE
	EndGlobalSection
	GlobalSection(ExtensibilityGlobals) = postSolution
		SolutionGuid = {5A1EE32E-3AFD-498C-BCBA-DFD342D21E98}
	EndGlobalSection
EndGlobal
